
Microsoft Visual Studio Solution File, Format Version 12.00
# Visual Studio Version 16
VisualStudioVersion = 16.0.31911.196
MinimumVisualStudioVersion = 10.0.40219.1
Project("{9A19103F-16F7-4668-BE54-9A1E7A4F7556}") = "Database", "Database\Database.csproj", "{61AEE0FB-4223-42DF-869D-6A41AA77CF36}"
EndProject
Project("{9A19103F-16F7-4668-BE54-9A1E7A4F7556}") = "SharedModels", "SharedModels\SharedModels.csproj", "{DB10FCC1-C9B6-4F6A-8DFB-17BADA6D13CA}"
EndProject
Project("{9A19103F-16F7-4668-BE54-9A1E7A4F7556}") = "Domain", "Domain\Domain.csproj", "{361C5E27-62F4-4F21-BC9D-DE9555CE17B1}"
EndProject
Project("{9A19103F-16F7-4668-BE54-9A1E7A4F7556}") = "backend-template", "API\backend-template.csproj", "{155E3125-CA95-4FE2-BF48-F664155E2E83}"
EndProject
Global
	GlobalSection(SolutionConfigurationPlatforms) = preSolution
		Debug|Any CPU = Debug|Any CPU
		Release|Any CPU = Release|Any CPU
	EndGlobalSection
	GlobalSection(ProjectConfigurationPlatforms) = postSolution
		{61AEE0FB-4223-42DF-869D-6A41AA77CF36}.Debug|Any CPU.ActiveCfg = Debug|Any CPU
		{61AEE0FB-4223-42DF-869D-6A41AA77CF36}.Debug|Any CPU.Build.0 = Debug|Any CPU
		{61AEE0FB-4223-42DF-869D-6A41AA77CF36}.Release|Any CPU.ActiveCfg = Release|Any CPU
		{61AEE0FB-4223-42DF-869D-6A41AA77CF36}.Release|Any CPU.Build.0 = Release|Any CPU
		{DB10FCC1-C9B6-4F6A-8DFB-17BADA6D13CA}.Debug|Any CPU.ActiveCfg = Debug|Any CPU
		{DB10FCC1-C9B6-4F6A-8DFB-17BADA6D13CA}.Debug|Any CPU.Build.0 = Debug|Any CPU
		{DB10FCC1-C9B6-4F6A-8DFB-17BADA6D13CA}.Release|Any CPU.ActiveCfg = Release|Any CPU
		{DB10FCC1-C9B6-4F6A-8DFB-17BADA6D13CA}.Release|Any CPU.Build.0 = Release|Any CPU
		{361C5E27-62F4-4F21-BC9D-DE9555CE17B1}.Debug|Any CPU.ActiveCfg = Debug|Any CPU
		{361C5E27-62F4-4F21-BC9D-DE9555CE17B1}.Debug|Any CPU.Build.0 = Debug|Any CPU
		{361C5E27-62F4-4F21-BC9D-DE9555CE17B1}.Release|Any CPU.ActiveCfg = Release|Any CPU
		{361C5E27-62F4-4F21-BC9D-DE9555CE17B1}.Release|Any CPU.Build.0 = Release|Any CPU
		{155E3125-CA95-4FE2-BF48-F664155E2E83}.Debug|Any CPU.ActiveCfg = Debug|Any CPU
		{155E3125-CA95-4FE2-BF48-F664155E2E83}.Debug|Any CPU.Build.0 = Debug|Any CPU
		{155E3125-CA95-4FE2-BF48-F664155E2E83}.Release|Any CPU.ActiveCfg = Release|Any CPU
		{155E3125-CA95-4FE2-BF48-F664155E2E83}.Release|Any CPU.Build.0 = Release|Any CPU
	EndGlobalSection
	GlobalSection(SolutionProperties) = preSolution
		HideSolutionNode = FALSE
	EndGlobalSection
	GlobalSection(ExtensibilityGlobals) = postSolution
		SolutionGuid = {04D606E3-F730-4FE6-9885-E41D3BA2C4A3}
	EndGlobalSection
EndGlobal
